
Microsoft Visual Studio Solution File, Format Version 12.00
# Visual Studio Version 16
VisualStudioVersion = 16.0.29306.81
MinimumVisualStudioVersion = 10.0.40219.1
Project("{FAE04EC0-301F-11D3-BF4B-00C04F79EFBC}") = "rdl_parser", "ConsoleApp1\rdl_parser.csproj", "{9E4FEA85-8E65-420F-81DA-A54FAA16D772}"
EndProject
Global
	GlobalSection(SolutionConfigurationPlatforms) = preSolution
		Debug|Any CPU = Debug|Any CPU
		Release|Any CPU = Release|Any CPU
	EndGlobalSection
	GlobalSection(ProjectConfigurationPlatforms) = postSolution
		{9E4FEA85-8E65-420F-81DA-A54FAA16D772}.Debug|Any CPU.ActiveCfg = Debug|Any CPU
		{9E4FEA85-8E65-420F-81DA-A54FAA16D772}.Debug|Any CPU.Build.0 = Debug|Any CPU
		{9E4FEA85-8E65-420F-81DA-A54FAA16D772}.Release|Any CPU.ActiveCfg = Release|Any CPU
		{9E4FEA85-8E65-420F-81DA-A54FAA16D772}.Release|Any CPU.Build.0 = Release|Any CPU
	EndGlobalSection
	GlobalSection(SolutionProperties) = preSolution
		HideSolutionNode = FALSE
	EndGlobalSection
	GlobalSection(ExtensibilityGlobals) = postSolution
		SolutionGuid = {CC1D5FC8-70E4-4C21-A3CD-04D4688C2755}
	EndGlobalSection
EndGlobal
